Microsoft Visual Studio Solution File, Format Version 12.00
# Visual Studio Version 16
VisualStudioVersion = 16.0.28809.33
MinimumVisualStudioVersion = 12.0.31101.0
Project("{9A19103F-16F7-4668-BE54-9A1E7A4F7556}") = "Mosa.Korlib", "Mosa.Korlib\Mosa.Korlib.csproj", "{631BC4F3-E2D8-4319-814C-13904CAA17CE}"
EndProject
Project("{9A19103F-16F7-4668-BE54-9A1E7A4F7556}") = "Mosa.Kernel.x86", "Mosa.Kernel.x86\Mosa.Kernel.x86.csproj", "{FF099D48-3FA5-4ED6-BBA0-1497D734962A}"
EndProject
Project("{9A19103F-16F7-4668-BE54-9A1E7A4F7556}") = "Mosa.Runtime.x86", "Mosa.Runtime.x86\Mosa.Runtime.x86.csproj", "{A47B7998-4EE8-4AF8-9373-C664FDEDDC65}"
EndProject
Project("{9A19103F-16F7-4668-BE54-9A1E7A4F7556}") = "Mosa.Runtime", "Mosa.Runtime\Mosa.Runtime.csproj", "{77961864-DB33-4189-804F-D774022C96E2}"
EndProject
Project("{9A19103F-16F7-4668-BE54-9A1E7A4F7556}") = "Mosa.Plug.Korlib", "Mosa.Plug.Korlib\Mosa.Plug.Korlib.csproj", "{CBDEEF3C-BBE7-4655-A096-1367DE069E63}"
EndProject
Project("{9A19103F-16F7-4668-BE54-9A1E7A4F7556}") = "Mosa.Plug.Korlib.x86", "Mosa.Plug.Korlib.x86\Mosa.Plug.Korlib.x86.csproj", "{028BC31C-2EDC-492E-90A3-3714E38CE2CF}"
EndProject
Project("{9A19103F-16F7-4668-BE54-9A1E7A4F7556}") = "Mosa.External.x86", "Mosa.External.x86\Mosa.External.x86.csproj", "{C747B3CA-2261-4AD4-97DB-FA6DFD66070E}"
EndProject
Project("{2150E333-8FDC-42A3-9474-1A3956D46DE8}") = "x86", "x86", "{1D6E8542-FE3C-4B0A-85F7-AEB37A61336A}"
EndProject
Project("{2150E333-8FDC-42A3-9474-1A3956D46DE8}") = "x64", "x64", "{A2A73F94-6ED0-4926-BCF2-FEE87A4E0F6B}"
EndProject
Project("{9A19103F-16F7-4668-BE54-9A1E7A4F7556}") = "Mosa.Kernel.x64", "Mosa.Kernel.x64\Mosa.Kernel.x64.csproj", "{211DB55B-F2A0-4D58-9998-0A225612D656}"
EndProject
Project("{9A19103F-16F7-4668-BE54-9A1E7A4F7556}") = "Mosa.Plug.Korlib.x64", "Mosa.Plug.Korlib.x64\Mosa.Plug.Korlib.x64.csproj", "{CC296F71-461E-49C5-AB87-0B7E6D7B3B36}"
EndProject
Project("{9A19103F-16F7-4668-BE54-9A1E7A4F7556}") = "Mosa.Runtime.x64", "Mosa.Runtime.x64\Mosa.Runtime.x64.csproj", "{53CAAB02-2131-4A5A-9F73-DE96D7BCE80A}"
EndProject
Global
	GlobalSection(SolutionConfigurationPlatforms) = preSolution
		Debug|Any CPU = Debug|Any CPU
		Debug|Mixed Platforms = Debug|Mixed Platforms
		Debug|x64 = Debug|x64
		Debug|x86 = Debug|x86
		Description|Any CPU = Description|Any CPU
		Description|Mixed Platforms = Description|Mixed Platforms
		Description|x64 = Description|x64
		Description|x86 = Description|x86
		Release|Any CPU = Release|Any CPU
		Release|Mixed Platforms = Release|Mixed Platforms
		Release|x64 = Release|x64
		Release|x86 = Release|x86
		Description = MOSA Project
	EndGlobalSection
	GlobalSection(ProjectConfigurationPlatforms) = postSolution
		{631BC4F3-E2D8-4319-814C-13904CAA17CE}.Debug|Any CPU.ActiveCfg = Debug|Any CPU
		{631BC4F3-E2D8-4319-814C-13904CAA17CE}.Debug|Any CPU.Build.0 = Debug|Any CPU
		{631BC4F3-E2D8-4319-814C-13904CAA17CE}.Debug|Mixed Platforms.ActiveCfg = Debug|Any CPU
		{631BC4F3-E2D8-4319-814C-13904CAA17CE}.Debug|Mixed Platforms.Build.0 = Debug|Any CPU
		{631BC4F3-E2D8-4319-814C-13904CAA17CE}.Debug|x64.ActiveCfg = Debug|Any CPU
		{631BC4F3-E2D8-4319-814C-13904CAA17CE}.Debug|x64.Build.0 = Debug|Any CPU
		{631BC4F3-E2D8-4319-814C-13904CAA17CE}.Debug|x86.ActiveCfg = Debug|Any CPU
		{631BC4F3-E2D8-4319-814C-13904CAA17CE}.Debug|x86.Build.0 = Debug|Any CPU
		{631BC4F3-E2D8-4319-814C-13904CAA17CE}.Description|Any CPU.ActiveCfg = Debug|Any CPU
		{631BC4F3-E2D8-4319-814C-13904CAA17CE}.Description|Any CPU.Build.0 = Debug|Any CPU
		{631BC4F3-E2D8-4319-814C-13904CAA17CE}.Description|Mixed Platforms.ActiveCfg = Debug|Any CPU
		{631BC4F3-E2D8-4319-814C-13904CAA17CE}.Description|Mixed Platforms.Build.0 = Debug|Any CPU
		{631BC4F3-E2D8-4319-814C-13904CAA17CE}.Description|x64.ActiveCfg = Debug|Any CPU
		{631BC4F3-E2D8-4319-814C-13904CAA17CE}.Description|x64.Build.0 = Debug|Any CPU
		{631BC4F3-E2D8-4319-814C-13904CAA17CE}.Description|x86.ActiveCfg = Debug|Any CPU
		{631BC4F3-E2D8-4319-814C-13904CAA17CE}.Description|x86.Build.0 = Debug|Any CPU
		{631BC4F3-E2D8-4319-814C-13904CAA17CE}.Release|Any CPU.ActiveCfg = Release|Any CPU
		{631BC4F3-E2D8-4319-814C-13904CAA17CE}.Release|Any CPU.Build.0 = Release|Any CPU
		{631BC4F3-E2D8-4319-814C-13904CAA17CE}.Release|Mixed Platforms.ActiveCfg = Release|Any CPU
		{631BC4F3-E2D8-4319-814C-13904CAA17CE}.Release|Mixed Platforms.Build.0 = Release|Any CPU
		{631BC4F3-E2D8-4319-814C-13904CAA17CE}.Release|x64.ActiveCfg = Release|Any CPU
		{631BC4F3-E2D8-4319-814C-13904CAA17CE}.Release|x64.Build.0 = Release|Any CPU
		{631BC4F3-E2D8-4319-814C-13904CAA17CE}.Release|x86.ActiveCfg = Release|Any CPU
		{631BC4F3-E2D8-4319-814C-13904CAA17CE}.Release|x86.Build.0 = Release|Any CPU
		{FF099D48-3FA5-4ED6-BBA0-1497D734962A}.Debug|Any CPU.ActiveCfg = Debug|Any CPU
		{FF099D48-3FA5-4ED6-BBA0-1497D734962A}.Debug|Any CPU.Build.0 = Debug|Any CPU
		{FF099D48-3FA5-4ED6-BBA0-1497D734962A}.Debug|Mixed Platforms.ActiveCfg = Debug|Any CPU
		{FF099D48-3FA5-4ED6-BBA0-1497D734962A}.Debug|Mixed Platforms.Build.0 = Debug|Any CPU
		{FF099D48-3FA5-4ED6-BBA0-1497D734962A}.Debug|x64.ActiveCfg = Debug|Any CPU
		{FF099D48-3FA5-4ED6-BBA0-1497D734962A}.Debug|x64.Build.0 = Debug|Any CPU
		{FF099D48-3FA5-4ED6-BBA0-1497D734962A}.Debug|x86.ActiveCfg = Debug|Any CPU
		{FF099D48-3FA5-4ED6-BBA0-1497D734962A}.Debug|x86.Build.0 = Debug|Any CPU
		{FF099D48-3FA5-4ED6-BBA0-1497D734962A}.Description|Any CPU.ActiveCfg = Debug|Any CPU
		{FF099D48-3FA5-4ED6-BBA0-1497D734962A}.Description|Any CPU.Build.0 = Debug|Any CPU
		{FF099D48-3FA5-4ED6-BBA0-1497D734962A}.Description|Mixed Platforms.ActiveCfg = Debug|Any CPU
		{FF099D48-3FA5-4ED6-BBA0-1497D734962A}.Description|Mixed Platforms.Build.0 = Debug|Any CPU
		{FF099D48-3FA5-4ED6-BBA0-1497D734962A}.Description|x64.ActiveCfg = Debug|Any CPU
		{FF099D48-3FA5-4ED6-BBA0-1497D734962A}.Description|x64.Build.0 = Debug|Any CPU
		{FF099D48-3FA5-4ED6-BBA0-1497D734962A}.Description|x86.ActiveCfg = Debug|Any CPU
		{FF099D48-3FA5-4ED6-BBA0-1497D734962A}.Description|x86.Build.0 = Debug|Any CPU
		{FF099D48-3FA5-4ED6-BBA0-1497D734962A}.Release|Any CPU.ActiveCfg = Release|Any CPU
		{FF099D48-3FA5-4ED6-BBA0-1497D734962A}.Release|Any CPU.Build.0 = Release|Any CPU
		{FF099D48-3FA5-4ED6-BBA0-1497D734962A}.Release|Mixed Platforms.ActiveCfg = Release|Any CPU
		{FF099D48-3FA5-4ED6-BBA0-1497D734962A}.Release|Mixed Platforms.Build.0 = Release|Any CPU
		{FF099D48-3FA5-4ED6-BBA0-1497D734962A}.Release|x64.ActiveCfg = Release|Any CPU
		{FF099D48-3FA5-4ED6-BBA0-1497D734962A}.Release|x64.Build.0 = Release|Any CPU
		{FF099D48-3FA5-4ED6-BBA0-1497D734962A}.Release|x86.ActiveCfg = Release|Any CPU
		{FF099D48-3FA5-4ED6-BBA0-1497D734962A}.Release|x86.Build.0 = Release|Any CPU
		{A47B7998-4EE8-4AF8-9373-C664FDEDDC65}.Debug|Any CPU.ActiveCfg = Debug|Any CPU
		{A47B7998-4EE8-4AF8-9373-C664FDEDDC65}.Debug|Any CPU.Build.0 = Debug|Any CPU
		{A47B7998-4EE8-4AF8-9373-C664FDEDDC65}.Debug|Mixed Platforms.ActiveCfg = Debug|Any CPU
		{A47B7998-4EE8-4AF8-9373-C664FDEDDC65}.Debug|Mixed Platforms.Build.0 = Debug|Any CPU
		{A47B7998-4EE8-4AF8-9373-C664FDEDDC65}.Debug|x64.ActiveCfg = Debug|Any CPU
		{A47B7998-4EE8-4AF8-9373-C664FDEDDC65}.Debug|x64.Build.0 = Debug|Any CPU
		{A47B7998-4EE8-4AF8-9373-C664FDEDDC65}.Debug|x86.ActiveCfg = Debug|Any CPU
		{A47B7998-4EE8-4AF8-9373-C664FDEDDC65}.Debug|x86.Build.0 = Debug|Any CPU
		{A47B7998-4EE8-4AF8-9373-C664FDEDDC65}.Description|Any CPU.ActiveCfg = Debug|Any CPU
		{A47B7998-4EE8-4AF8-9373-C664FDEDDC65}.Description|Any CPU.Build.0 = Debug|Any CPU
		{A47B7998-4EE8-4AF8-9373-C664FDEDDC65}.Description|Mixed Platforms.ActiveCfg = Debug|Any CPU
		{A47B7998-4EE8-4AF8-9373-C664FDEDDC65}.Description|Mixed Platforms.Build.0 = Debug|Any CPU
		{A47B7998-4EE8-4AF8-9373-C664FDEDDC65}.Description|x64.ActiveCfg = Debug|Any CPU
		{A47B7998-4EE8-4AF8-9373-C664FDEDDC65}.Description|x64.Build.0 = Debug|Any CPU
		{A47B7998-4EE8-4AF8-9373-C664FDEDDC65}.Description|x86.ActiveCfg = Debug|Any CPU
		{A47B7998-4EE8-4AF8-9373-C664FDEDDC65}.Description|x86.Build.0 = Debug|Any CPU
		{A47B7998-4EE8-4AF8-9373-C664FDEDDC65}.Release|Any CPU.ActiveCfg = Release|Any CPU
		{A47B7998-4EE8-4AF8-9373-C664FDEDDC65}.Release|Any CPU.Build.0 = Release|Any CPU
		{A47B7998-4EE8-4AF8-9373-C664FDEDDC65}.Release|Mixed Platforms.ActiveCfg = Release|Any CPU
		{A47B7998-4EE8-4AF8-9373-C664FDEDDC65}.Release|Mixed Platforms.Build.0 = Release|Any CPU
		{A47B7998-4EE8-4AF8-9373-C664FDEDDC65}.Release|x64.ActiveCfg = Release|Any CPU
		{A47B7998-4EE8-4AF8-9373-C664FDEDDC65}.Release|x64.Build.0 = Release|Any CPU
		{A47B7998-4EE8-4AF8-9373-C664FDEDDC65}.Release|x86.ActiveCfg = Release|Any CPU
		{A47B7998-4EE8-4AF8-9373-C664FDEDDC65}.Release|x86.Build.0 = Release|Any CPU
		{77961864-DB33-4189-804F-D774022C96E2}.Debug|Any CPU.ActiveCfg = Debug|Any CPU
		{77961864-DB33-4189-804F-D774022C96E2}.Debug|Any CPU.Build.0 = Debug|Any CPU
		{77961864-DB33-4189-804F-D774022C96E2}.Debug|Mixed Platforms.ActiveCfg = Debug|Any CPU
		{77961864-DB33-4189-804F-D774022C96E2}.Debug|Mixed Platforms.Build.0 = Debug|Any CPU
		{77961864-DB33-4189-804F-D774022C96E2}.Debug|x64.ActiveCfg = Debug|Any CPU
		{77961864-DB33-4189-804F-D774022C96E2}.Debug|x64.Build.0 = Debug|Any CPU
		{77961864-DB33-4189-804F-D774022C96E2}.Debug|x86.ActiveCfg = Debug|Any CPU
		{77961864-DB33-4189-804F-D774022C96E2}.Debug|x86.Build.0 = Debug|Any CPU
		{77961864-DB33-4189-804F-D774022C96E2}.Description|Any CPU.ActiveCfg = Debug|Any CPU
		{77961864-DB33-4189-804F-D774022C96E2}.Description|Any CPU.Build.0 = Debug|Any CPU
		{77961864-DB33-4189-804F-D774022C96E2}.Description|Mixed Platforms.ActiveCfg = Debug|Any CPU
		{77961864-DB33-4189-804F-D774022C96E2}.Description|Mixed Platforms.Build.0 = Debug|Any CPU
		{77961864-DB33-4189-804F-D774022C96E2}.Description|x64.ActiveCfg = Debug|Any CPU
		{77961864-DB33-4189-804F-D774022C96E2}.Description|x64.Build.0 = Debug|Any CPU
		{77961864-DB33-4189-804F-D774022C96E2}.Description|x86.ActiveCfg = Debug|Any CPU
		{77961864-DB33-4189-804F-D774022C96E2}.Description|x86.Build.0 = Debug|Any CPU
		{77961864-DB33-4189-804F-D774022C96E2}.Release|Any CPU.ActiveCfg = Release|Any CPU
		{77961864-DB33-4189-804F-D774022C96E2}.Release|Any CPU.Build.0 = Release|Any CPU
		{77961864-DB33-4189-804F-D774022C96E2}.Release|Mixed Platforms.ActiveCfg = Release|Any CPU
		{77961864-DB33-4189-804F-D774022C96E2}.Release|Mixed Platforms.Build.0 = Release|Any CPU
		{77961864-DB33-4189-804F-D774022C96E2}.Release|x64.ActiveCfg = Release|Any CPU
		{77961864-DB33-4189-804F-D774022C96E2}.Release|x64.Build.0 = Release|Any CPU
		{77961864-DB33-4189-804F-D774022C96E2}.Release|x86.ActiveCfg = Release|Any CPU
		{77961864-DB33-4189-804F-D774022C96E2}.Release|x86.Build.0 = Release|Any CPU
		{CBDEEF3C-BBE7-4655-A096-1367DE069E63}.Debug|Any CPU.ActiveCfg = Debug|Any CPU
		{CBDEEF3C-BBE7-4655-A096-1367DE069E63}.Debug|Any CPU.Build.0 = Debug|Any CPU
		{CBDEEF3C-BBE7-4655-A096-1367DE069E63}.Debug|Mixed Platforms.ActiveCfg = Debug|Any CPU
		{CBDEEF3C-BBE7-4655-A096-1367DE069E63}.Debug|Mixed Platforms.Build.0 = Debug|Any CPU
		{CBDEEF3C-BBE7-4655-A096-1367DE069E63}.Debug|x64.ActiveCfg = Debug|Any CPU
		{CBDEEF3C-BBE7-4655-A096-1367DE069E63}.Debug|x64.Build.0 = Debug|Any CPU
		{CBDEEF3C-BBE7-4655-A096-1367DE069E63}.Debug|x86.ActiveCfg = Debug|Any CPU
		{CBDEEF3C-BBE7-4655-A096-1367DE069E63}.Debug|x86.Build.0 = Debug|Any CPU
		{CBDEEF3C-BBE7-4655-A096-1367DE069E63}.Description|Any CPU.ActiveCfg = Debug|Any CPU
		{CBDEEF3C-BBE7-4655-A096-1367DE069E63}.Description|Any CPU.Build.0 = Debug|Any CPU
		{CBDEEF3C-BBE7-4655-A096-1367DE069E63}.Description|Mixed Platforms.ActiveCfg = Debug|Any CPU
		{CBDEEF3C-BBE7-4655-A096-1367DE069E63}.Description|Mixed Platforms.Build.0 = Debug|Any CPU
		{CBDEEF3C-BBE7-4655-A096-1367DE069E63}.Description|x64.ActiveCfg = Debug|Any CPU
		{CBDEEF3C-BBE7-4655-A096-1367DE069E63}.Description|x64.Build.0 = Debug|Any CPU
		{CBDEEF3C-BBE7-4655-A096-1367DE069E63}.Description|x86.ActiveCfg = Debug|Any CPU
		{CBDEEF3C-BBE7-4655-A096-1367DE069E63}.Description|x86.Build.0 = Debug|Any CPU
		{CBDEEF3C-BBE7-4655-A096-1367DE069E63}.Release|Any CPU.ActiveCfg = Release|Any CPU
		{CBDEEF3C-BBE7-4655-A096-1367DE069E63}.Release|Any CPU.Build.0 = Release|Any CPU
		{CBDEEF3C-BBE7-4655-A096-1367DE069E63}.Release|Mixed Platforms.ActiveCfg = Release|Any CPU
		{CBDEEF3C-BBE7-4655-A096-1367DE069E63}.Release|Mixed Platforms.Build.0 = Release|Any CPU
		{CBDEEF3C-BBE7-4655-A096-1367DE069E63}.Release|x64.ActiveCfg = Release|Any CPU
		{CBDEEF3C-BBE7-4655-A096-1367DE069E63}.Release|x64.Build.0 = Release|Any CPU
		{CBDEEF3C-BBE7-4655-A096-1367DE069E63}.Release|x86.ActiveCfg = Release|Any CPU
		{CBDEEF3C-BBE7-4655-A096-1367DE069E63}.Release|x86.Build.0 = Release|Any CPU
		{028BC31C-2EDC-492E-90A3-3714E38CE2CF}.Debug|Any CPU.ActiveCfg = Debug|Any CPU
		{028BC31C-2EDC-492E-90A3-3714E38CE2CF}.Debug|Any CPU.Build.0 = Debug|Any CPU
		{028BC31C-2EDC-492E-90A3-3714E38CE2CF}.Debug|Mixed Platforms.ActiveCfg = Debug|Any CPU
		{028BC31C-2EDC-492E-90A3-3714E38CE2CF}.Debug|Mixed Platforms.Build.0 = Debug|Any CPU
		{028BC31C-2EDC-492E-90A3-3714E38CE2CF}.Debug|x64.ActiveCfg = Debug|Any CPU
		{028BC31C-2EDC-492E-90A3-3714E38CE2CF}.Debug|x64.Build.0 = Debug|Any CPU
		{028BC31C-2EDC-492E-90A3-3714E38CE2CF}.Debug|x86.ActiveCfg = Debug|Any CPU
		{028BC31C-2EDC-492E-90A3-3714E38CE2CF}.Debug|x86.Build.0 = Debug|Any CPU
		{028BC31C-2EDC-492E-90A3-3714E38CE2CF}.Description|Any CPU.ActiveCfg = Debug|Any CPU
		{028BC31C-2EDC-492E-90A3-3714E38CE2CF}.Description|Any CPU.Build.0 = Debug|Any CPU
		{028BC31C-2EDC-492E-90A3-3714E38CE2CF}.Description|Mixed Platforms.ActiveCfg = Debug|Any CPU
		{028BC31C-2EDC-492E-90A3-3714E38CE2CF}.Description|Mixed Platforms.Build.0 = Debug|Any CPU
		{028BC31C-2EDC-492E-90A3-3714E38CE2CF}.Description|x64.ActiveCfg = Debug|Any CPU
		{028BC31C-2EDC-492E-90A3-3714E38CE2CF}.Description|x64.Build.0 = Debug|Any CPU
		{028BC31C-2EDC-492E-90A3-3714E38CE2CF}.Description|x86.ActiveCfg = Debug|Any CPU
		{028BC31C-2EDC-492E-90A3-3714E38CE2CF}.Description|x86.Build.0 = Debug|Any CPU
		{028BC31C-2EDC-492E-90A3-3714E38CE2CF}.Release|Any CPU.ActiveCfg = Release|Any CPU
		{028BC31C-2EDC-492E-90A3-3714E38CE2CF}.Release|Any CPU.Build.0 = Release|Any CPU
		{028BC31C-2EDC-492E-90A3-3714E38CE2CF}.Release|Mixed Platforms.ActiveCfg = Release|Any CPU
		{028BC31C-2EDC-492E-90A3-3714E38CE2CF}.Release|Mixed Platforms.Build.0 = Release|Any CPU
		{028BC31C-2EDC-492E-90A3-3714E38CE2CF}.Release|x64.ActiveCfg = Release|Any CPU
		{028BC31C-2EDC-492E-90A3-3714E38CE2CF}.Release|x64.Build.0 = Release|Any CPU
		{028BC31C-2EDC-492E-90A3-3714E38CE2CF}.Release|x86.ActiveCfg = Release|Any CPU
		{028BC31C-2EDC-492E-90A3-3714E38CE2CF}.Release|x86.Build.0 = Release|Any CPU
		{C747B3CA-2261-4AD4-97DB-FA6DFD66070E}.Debug|Any CPU.ActiveCfg = Debug|Any CPU
		{C747B3CA-2261-4AD4-97DB-FA6DFD66070E}.Debug|Any CPU.Build.0 = Debug|Any CPU
		{C747B3CA-2261-4AD4-97DB-FA6DFD66070E}.Debug|Mixed Platforms.ActiveCfg = Debug|Any CPU
		{C747B3CA-2261-4AD4-97DB-FA6DFD66070E}.Debug|Mixed Platforms.Build.0 = Debug|Any CPU
		{C747B3CA-2261-4AD4-97DB-FA6DFD66070E}.Debug|x64.ActiveCfg = Debug|Any CPU
		{C747B3CA-2261-4AD4-97DB-FA6DFD66070E}.Debug|x64.Build.0 = Debug|Any CPU
		{C747B3CA-2261-4AD4-97DB-FA6DFD66070E}.Debug|x86.ActiveCfg = Debug|Any CPU
		{C747B3CA-2261-4AD4-97DB-FA6DFD66070E}.Debug|x86.Build.0 = Debug|Any CPU
		{C747B3CA-2261-4AD4-97DB-FA6DFD66070E}.Description|Any CPU.ActiveCfg = Debug|Any CPU
		{C747B3CA-2261-4AD4-97DB-FA6DFD66070E}.Description|Any CPU.Build.0 = Debug|Any CPU
		{C747B3CA-2261-4AD4-97DB-FA6DFD66070E}.Description|Mixed Platforms.ActiveCfg = Debug|Any CPU
		{C747B3CA-2261-4AD4-97DB-FA6DFD66070E}.Description|Mixed Platforms.Build.0 = Debug|Any CPU
		{C747B3CA-2261-4AD4-97DB-FA6DFD66070E}.Description|x64.ActiveCfg = Debug|Any CPU
		{C747B3CA-2261-4AD4-97DB-FA6DFD66070E}.Description|x64.Build.0 = Debug|Any CPU
		{C747B3CA-2261-4AD4-97DB-FA6DFD66070E}.Description|x86.ActiveCfg = Debug|Any CPU
		{C747B3CA-2261-4AD4-97DB-FA6DFD66070E}.Description|x86.Build.0 = Debug|Any CPU
		{C747B3CA-2261-4AD4-97DB-FA6DFD66070E}.Release|Any CPU.ActiveCfg = Release|Any CPU
		{C747B3CA-2261-4AD4-97DB-FA6DFD66070E}.Release|Any CPU.Build.0 = Release|Any CPU
		{C747B3CA-2261-4AD4-97DB-FA6DFD66070E}.Release|Mixed Platforms.ActiveCfg = Release|Any CPU
		{C747B3CA-2261-4AD4-97DB-FA6DFD66070E}.Release|Mixed Platforms.Build.0 = Release|Any CPU
		{C747B3CA-2261-4AD4-97DB-FA6DFD66070E}.Release|x64.ActiveCfg = Release|Any CPU
		{C747B3CA-2261-4AD4-97DB-FA6DFD66070E}.Release|x64.Build.0 = Release|Any CPU
		{C747B3CA-2261-4AD4-97DB-FA6DFD66070E}.Release|x86.ActiveCfg = Release|Any CPU
		{C747B3CA-2261-4AD4-97DB-FA6DFD66070E}.Release|x86.Build.0 = Release|Any CPU
		{211DB55B-F2A0-4D58-9998-0A225612D656}.Debug|Any CPU.ActiveCfg = Debug|Any CPU
		{211DB55B-F2A0-4D58-9998-0A225612D656}.Debug|Any CPU.Build.0 = Debug|Any CPU
		{211DB55B-F2A0-4D58-9998-0A225612D656}.Debug|Mixed Platforms.ActiveCfg = Debug|Any CPU
		{211DB55B-F2A0-4D58-9998-0A225612D656}.Debug|Mixed Platforms.Build.0 = Debug|Any CPU
		{211DB55B-F2A0-4D58-9998-0A225612D656}.Debug|x64.ActiveCfg = Debug|Any CPU
		{211DB55B-F2A0-4D58-9998-0A225612D656}.Debug|x64.Build.0 = Debug|Any CPU
		{211DB55B-F2A0-4D58-9998-0A225612D656}.Debug|x86.ActiveCfg = Debug|Any CPU
		{211DB55B-F2A0-4D58-9998-0A225612D656}.Debug|x86.Build.0 = Debug|Any CPU
		{211DB55B-F2A0-4D58-9998-0A225612D656}.Description|Any CPU.ActiveCfg = Debug|Any CPU
		{211DB55B-F2A0-4D58-9998-0A225612D656}.Description|Any CPU.Build.0 = Debug|Any CPU
		{211DB55B-F2A0-4D58-9998-0A225612D656}.Description|Mixed Platforms.ActiveCfg = Debug|Any CPU
		{211DB55B-F2A0-4D58-9998-0A225612D656}.Description|Mixed Platforms.Build.0 = Debug|Any CPU
		{211DB55B-F2A0-4D58-9998-0A225612D656}.Description|x64.ActiveCfg = Debug|Any CPU
		{211DB55B-F2A0-4D58-9998-0A225612D656}.Description|x64.Build.0 = Debug|Any CPU
		{211DB55B-F2A0-4D58-9998-0A225612D656}.Description|x86.ActiveCfg = Debug|Any CPU
		{211DB55B-F2A0-4D58-9998-0A225612D656}.Description|x86.Build.0 = Debug|Any CPU
		{211DB55B-F2A0-4D58-9998-0A225612D656}.Release|Any CPU.ActiveCfg = Release|Any CPU
		{211DB55B-F2A0-4D58-9998-0A225612D656}.Release|Any CPU.Build.0 = Release|Any CPU
		{211DB55B-F2A0-4D58-9998-0A225612D656}.Release|Mixed Platforms.ActiveCfg = Release|Any CPU
		{211DB55B-F2A0-4D58-9998-0A225612D656}.Release|Mixed Platforms.Build.0 = Release|Any CPU
		{211DB55B-F2A0-4D58-9998-0A225612D656}.Release|x64.ActiveCfg = Release|Any CPU
		{211DB55B-F2A0-4D58-9998-0A225612D656}.Release|x64.Build.0 = Release|Any CPU
		{211DB55B-F2A0-4D58-9998-0A225612D656}.Release|x86.ActiveCfg = Release|Any CPU
		{211DB55B-F2A0-4D58-9998-0A225612D656}.Release|x86.Build.0 = Release|Any CPU
		{CC296F71-461E-49C5-AB87-0B7E6D7B3B36}.Debug|Any CPU.ActiveCfg = Debug|Any CPU
		{CC296F71-461E-49C5-AB87-0B7E6D7B3B36}.Debug|Any CPU.Build.0 = Debug|Any CPU
		{CC296F71-461E-49C5-AB87-0B7E6D7B3B36}.Debug|Mixed Platforms.ActiveCfg = Debug|Any CPU
		{CC296F71-461E-49C5-AB87-0B7E6D7B3B36}.Debug|Mixed Platforms.Build.0 = Debug|Any CPU
		{CC296F71-461E-49C5-AB87-0B7E6D7B3B36}.Debug|x64.ActiveCfg = Debug|Any CPU
		{CC296F71-461E-49C5-AB87-0B7E6D7B3B36}.Debug|x64.Build.0 = Debug|Any CPU
		{CC296F71-461E-49C5-AB87-0B7E6D7B3B36}.Debug|x86.ActiveCfg = Debug|Any CPU
		{CC296F71-461E-49C5-AB87-0B7E6D7B3B36}.Debug|x86.Build.0 = Debug|Any CPU
		{CC296F71-461E-49C5-AB87-0B7E6D7B3B36}.Description|Any CPU.ActiveCfg = Debug|Any CPU
		{CC296F71-461E-49C5-AB87-0B7E6D7B3B36}.Description|Any CPU.Build.0 = Debug|Any CPU
		{CC296F71-461E-49C5-AB87-0B7E6D7B3B36}.Description|Mixed Platforms.ActiveCfg = Debug|Any CPU
		{CC296F71-461E-49C5-AB87-0B7E6D7B3B36}.Description|Mixed Platforms.Build.0 = Debug|Any CPU
		{CC296F71-461E-49C5-AB87-0B7E6D7B3B36}.Description|x64.ActiveCfg = Debug|Any CPU
		{CC296F71-461E-49C5-AB87-0B7E6D7B3B36}.Description|x64.Build.0 = Debug|Any CPU
		{CC296F71-461E-49C5-AB87-0B7E6D7B3B36}.Description|x86.ActiveCfg = Debug|Any CPU
		{CC296F71-461E-49C5-AB87-0B7E6D7B3B36}.Description|x86.Build.0 = Debug|Any CPU
		{CC296F71-461E-49C5-AB87-0B7E6D7B3B36}.Release|Any CPU.ActiveCfg = Release|Any CPU
		{CC296F71-461E-49C5-AB87-0B7E6D7B3B36}.Release|Any CPU.Build.0 = Release|Any CPU
		{CC296F71-461E-49C5-AB87-0B7E6D7B3B36}.Release|Mixed Platforms.ActiveCfg = Release|Any CPU
		{CC296F71-461E-49C5-AB87-0B7E6D7B3B36}.Release|Mixed Platforms.Build.0 = Release|Any CPU
		{CC296F71-461E-49C5-AB87-0B7E6D7B3B36}.Release|x64.ActiveCfg = Release|Any CPU
		{CC296F71-461E-49C5-AB87-0B7E6D7B3B36}.Release|x64.Build.0 = Release|Any CPU
		{CC296F71-461E-49C5-AB87-0B7E6D7B3B36}.Release|x86.ActiveCfg = Release|Any CPU
		{CC296F71-461E-49C5-AB87-0B7E6D7B3B36}.Release|x86.Build.0 = Release|Any CPU
		{53CAAB02-2131-4A5A-9F73-DE96D7BCE80A}.Debug|Any CPU.ActiveCfg = Debug|Any CPU
		{53CAAB02-2131-4A5A-9F73-DE96D7BCE80A}.Debug|Any CPU.Build.0 = Debug|Any CPU
		{53CAAB02-2131-4A5A-9F73-DE96D7BCE80A}.Debug|Mixed Platforms.ActiveCfg = Debug|Any CPU
		{53CAAB02-2131-4A5A-9F73-DE96D7BCE80A}.Debug|Mixed Platforms.Build.0 = Debug|Any CPU
		{53CAAB02-2131-4A5A-9F73-DE96D7BCE80A}.Debug|x64.ActiveCfg = Debug|Any CPU
		{53CAAB02-2131-4A5A-9F73-DE96D7BCE80A}.Debug|x64.Build.0 = Debug|Any CPU
		{53CAAB02-2131-4A5A-9F73-DE96D7BCE80A}.Debug|x86.ActiveCfg = Debug|Any CPU
		{53CAAB02-2131-4A5A-9F73-DE96D7BCE80A}.Debug|x86.Build.0 = Debug|Any CPU
		{53CAAB02-2131-4A5A-9F73-DE96D7BCE80A}.Description|Any CPU.ActiveCfg = Debug|Any CPU
		{53CAAB02-2131-4A5A-9F73-DE96D7BCE80A}.Description|Any CPU.Build.0 = Debug|Any CPU
		{53CAAB02-2131-4A5A-9F73-DE96D7BCE80A}.Description|Mixed Platforms.ActiveCfg = Debug|Any CPU
		{53CAAB02-2131-4A5A-9F73-DE96D7BCE80A}.Description|Mixed Platforms.Build.0 = Debug|Any CPU
		{53CAAB02-2131-4A5A-9F73-DE96D7BCE80A}.Description|x64.ActiveCfg = Debug|Any CPU
		{53CAAB02-2131-4A5A-9F73-DE96D7BCE80A}.Description|x64.Build.0 = Debug|Any CPU
		{53CAAB02-2131-4A5A-9F73-DE96D7BCE80A}.Description|x86.ActiveCfg = Debug|Any CPU
		{53CAAB02-2131-4A5A-9F73-DE96D7BCE80A}.Description|x86.Build.0 = Debug|Any CPU
		{53CAAB02-2131-4A5A-9F73-DE96D7BCE80A}.Release|Any CPU.ActiveCfg = Release|Any CPU
		{53CAAB02-2131-4A5A-9F73-DE96D7BCE80A}.Release|Any CPU.Build.0 = Release|Any CPU
		{53CAAB02-2131-4A5A-9F73-DE96D7BCE80A}.Release|Mixed Platforms.ActiveCfg = Release|Any CPU
		{53CAAB02-2131-4A5A-9F73-DE96D7BCE80A}.Release|Mixed Platforms.Build.0 = Release|Any CPU
		{53CAAB02-2131-4A5A-9F73-DE96D7BCE80A}.Release|x64.ActiveCfg = Release|Any CPU
		{53CAAB02-2131-4A5A-9F73-DE96D7BCE80A}.Release|x64.Build.0 = Release|Any CPU
		{53CAAB02-2131-4A5A-9F73-DE96D7BCE80A}.Release|x86.ActiveCfg = Release|Any CPU
		{53CAAB02-2131-4A5A-9F73-DE96D7BCE80A}.Release|x86.Build.0 = Release|Any CPU
	EndGlobalSection
	GlobalSection(SolutionProperties) = preSolution
		HideSolutionNode = FALSE
	EndGlobalSection
	GlobalSection(NestedProjects) = preSolution
		{FF099D48-3FA5-4ED6-BBA0-1497D734962A} = {1D6E8542-FE3C-4B0A-85F7-AEB37A61336A}
		{A47B7998-4EE8-4AF8-9373-C664FDEDDC65} = {1D6E8542-FE3C-4B0A-85F7-AEB37A61336A}
		{028BC31C-2EDC-492E-90A3-3714E38CE2CF} = {1D6E8542-FE3C-4B0A-85F7-AEB37A61336A}
		{C747B3CA-2261-4AD4-97DB-FA6DFD66070E} = {1D6E8542-FE3C-4B0A-85F7-AEB37A61336A}
		{211DB55B-F2A0-4D58-9998-0A225612D656} = {A2A73F94-6ED0-4926-BCF2-FEE87A4E0F6B}
		{CC296F71-461E-49C5-AB87-0B7E6D7B3B36} = {A2A73F94-6ED0-4926-BCF2-FEE87A4E0F6B}
		{53CAAB02-2131-4A5A-9F73-DE96D7BCE80A} = {A2A73F94-6ED0-4926-BCF2-FEE87A4E0F6B}
	EndGlobalSection
	GlobalSection(ExtensibilityGlobals) = postSolution
		SolutionGuid = {C22A5C94-6B05-4B1B-845A-A2EA7615E093}
	EndGlobalSection
	GlobalSection(Performance) = preSolution
		HasPerformanceSessions = true
	EndGlobalSection
EndGlobal
